{
  "originHash" : "d91f48087ce789f80b6b1b3d9ce06beb46c45fdb4fccdffa92716d198724a834",
  "pins" : [
    {
      "identity" : "grdb.swift",
      "kind" : "remoteSourceControl",
      "location" : "https://github.com/groue/GRDB.swift",
      "state" : {
        "revision" : "b83108d10f42680d78f23fe4d4d80fc88dab3212",
        "version" : "7.11.1"
      }
    },
    {
      "identity" : "nextcloud-swiftui",
      "kind" : "remoteSourceControl",
      "location" : "https://github.com/hamza221/nextcloud-swiftui",
      "state" : {
        "branch" : "main",
        "revision" : "1e753cb3cff5ffc10d39a3f7305ea9a9e52b99f6"
      }
    },
    {
      "identity" : "sparkle",
      "kind" : "remoteSourceControl",
      "location" : "https://github.com/sparkle-project/Sparkle",
      "state" : {
        "revision" : "eef1a539a373c1f1a320624b1130fc5de7b2e100",
        "version" : "2.10.0"
      }
    }
  ],
  "version" : 3
}
